
Microsoft Visual Studio Solution File, Format Version 12.00
# Visual Studio Version 16
VisualStudioVersion = 16.0.33529.622
MinimumVisualStudioVersion = 10.0.40219.1
Project("{FAE04EC0-301F-11D3-BF4B-00C04F79EFBC}") = "RentACar", "RentACar\RentACar.csproj", "{D9FFB77A-117D-4205-9AEF-A19BFCC8E8BC}"
EndProject
Global
	GlobalSection(SolutionConfigurationPlatforms) = preSolution
		Debug|Any CPU = Debug|Any CPU
		Release|Any CPU = Release|Any CPU
	EndGlobalSection
	GlobalSection(ProjectConfigurationPlatforms) = postSolution
		{D9FFB77A-117D-4205-9AEF-A19BFCC8E8BC}.Debug|Any CPU.ActiveCfg = Debug|Any CPU
		{D9FFB77A-117D-4205-9AEF-A19BFCC8E8BC}.Debug|Any CPU.Build.0 = Debug|Any CPU
		{D9FFB77A-117D-4205-9AEF-A19BFCC8E8BC}.Release|Any CPU.ActiveCfg = Release|Any CPU
		{D9FFB77A-117D-4205-9AEF-A19BFCC8E8BC}.Release|Any CPU.Build.0 = Release|Any CPU
	EndGlobalSection
	GlobalSection(SolutionProperties) = preSolution
		HideSolutionNode = FALSE
	EndGlobalSection
	GlobalSection(ExtensibilityGlobals) = postSolution
		SolutionGuid = {A956AFC4-3388-45B8-8566-D1AB8B08FFC9}
	EndGlobalSection
EndGlobal
